Microsoft Visual Studio Solution File, Format Version 12.00
# Visual Studio Version 17
VisualStudioVersion = 17.5.2.0
MinimumVisualStudioVersion = 10.0.40219.1
Project("{FAE04EC0-301F-11D3-BF4B-00C04F79EFBC}") = "DiscordRPCPlugin", "plugins\DiscordRPCPlugin.csproj", "{257EB73A-A701-6D74-6307-505A41D697A1}"
EndProject
Global
	GlobalSection(SolutionConfigurationPlatforms) = preSolution
		Debug|Any CPU = Debug|Any CPU
		Release|Any CPU = Release|Any CPU
	EndGlobalSection
	GlobalSection(ProjectConfigurationPlatforms) = postSolution
		{257EB73A-A701-6D74-6307-505A41D697A1}.Debug|Any CPU.ActiveCfg = Debug|Any CPU
		{257EB73A-A701-6D74-6307-505A41D697A1}.Debug|Any CPU.Build.0 = Debug|Any CPU
		{257EB73A-A701-6D74-6307-505A41D697A1}.Release|Any CPU.ActiveCfg = Release|Any CPU
		{257EB73A-A701-6D74-6307-505A41D697A1}.Release|Any CPU.Build.0 = Release|Any CPU
	EndGlobalSection
	GlobalSection(SolutionProperties) = preSolution
		HideSolutionNode = FALSE
	EndGlobalSection
	GlobalSection(ExtensibilityGlobals) = postSolution
		SolutionGuid = {338BF344-C153-41D9-8BA7-FF8CB637F776}
	EndGlobalSection
EndGlobal
